
Microsoft Visual Studio Solution File, Format Version 12.00
# Visual Studio Version 17
VisualStudioVersion = 17.0.31903.59
MinimumVisualStudioVersion = 10.0.40219.1
Project("{FAE04EC0-301F-11D3-BF4B-00C04F79EFBC}") = "AzFunc", "AzFunc\AzFunc.csproj", "{0F6D215D-40AC-4E24-A57E-5A6B258786DC}"
EndProject
Project("{FAE04EC0-301F-11D3-BF4B-00C04F79EFBC}") = "SchoolLibrary", "SchoolLibrary\SchoolLibrary.csproj", "{C2256A9B-9758-4828-9709-20BCAF499703}"
EndProject
Project("{FAE04EC0-301F-11D3-BF4B-00C04F79EFBC}") = "StudentsSPA", "StudentsSPA\StudentsSPA.csproj", "{B873A884-DDF4-4C27-9EF3-919B974BF513}"
EndProject
Global
	GlobalSection(SolutionConfigurationPlatforms) = preSolution
		Debug|Any CPU = Debug|Any CPU
		Release|Any CPU = Release|Any CPU
	EndGlobalSection
	GlobalSection(SolutionProperties) = preSolution
		HideSolutionNode = FALSE
	EndGlobalSection
	GlobalSection(ProjectConfigurationPlatforms) = postSolution
		{0F6D215D-40AC-4E24-A57E-5A6B258786DC}.Debug|Any CPU.ActiveCfg = Debug|Any CPU
		{0F6D215D-40AC-4E24-A57E-5A6B258786DC}.Debug|Any CPU.Build.0 = Debug|Any CPU
		{0F6D215D-40AC-4E24-A57E-5A6B258786DC}.Release|Any CPU.ActiveCfg = Release|Any CPU
		{0F6D215D-40AC-4E24-A57E-5A6B258786DC}.Release|Any CPU.Build.0 = Release|Any CPU
		{C2256A9B-9758-4828-9709-20BCAF499703}.Debug|Any CPU.ActiveCfg = Debug|Any CPU
		{C2256A9B-9758-4828-9709-20BCAF499703}.Debug|Any CPU.Build.0 = Debug|Any CPU
		{C2256A9B-9758-4828-9709-20BCAF499703}.Release|Any CPU.ActiveCfg = Release|Any CPU
		{C2256A9B-9758-4828-9709-20BCAF499703}.Release|Any CPU.Build.0 = Release|Any CPU
		{B873A884-DDF4-4C27-9EF3-919B974BF513}.Debug|Any CPU.ActiveCfg = Debug|Any CPU
		{B873A884-DDF4-4C27-9EF3-919B974BF513}.Debug|Any CPU.Build.0 = Debug|Any CPU
		{B873A884-DDF4-4C27-9EF3-919B974BF513}.Release|Any CPU.ActiveCfg = Release|Any CPU
		{B873A884-DDF4-4C27-9EF3-919B974BF513}.Release|Any CPU.Build.0 = Release|Any CPU
	EndGlobalSection
EndGlobal
